// !$*UTF8*$!
{
	archiveVersion = 1;
	classes = {
	};
	objectVersion = 55;
	objects = {

/* Begin PBXBuildFile section */
		300C531B2891878600F80B19 /* TabView.swift in Sources */ = {isa = PBXBuildFile; fileRef = 300C531A2891878600F80B19 /* TabView.swift */; };
		300C531D2891878600F80B19 /* TabView.swift in Sources */ = {isa = PBXBuildFile; fileRef = 300C531A2891878600F80B19 /* TabView.swift */; };
		300FF53B289A20DC00455D44 /* SuggestAShopPreview.swift in Sources */ = {isa = PBXBuildFile; fileRef = 300FF53A289A20DC00455D44 /* SuggestAShopPreview.swift */; };
		300FF53D289A212100455D44 /* SuggestAShop.swift in Sources */ = {isa = PBXBuildFile; fileRef = 300FF53C289A212100455D44 /* SuggestAShop.swift */; };
		300FF540289A2D2500455D44 /* SendFeedback.swift in Sources */ = {isa = PBXBuildFile; fileRef = 300FF53F289A2D2500455D44 /* SendFeedback.swift */; };
		3014FA2A27964E5E00473CE4 /* Tests_iOS.swift in Sources */ = {isa = PBXBuildFile; fileRef = 3014FA2927964E5E00473CE4 /* Tests_iOS.swift */; };
		3014FA2C27964E5E00473CE4 /* Tests_iOSLaunchTests.swift in Sources */ = {isa = PBXBuildFile; fileRef = 3014FA2B27964E5E00473CE4 /* Tests_iOSLaunchTests.swift */; };
		3014FA3927964E5E00473CE4 /* Uncommon_LoyaltyApp.swift in Sources */ = {isa = PBXBuildFile; fileRef = 3014FA1127964E5D00473CE4 /* Uncommon_LoyaltyApp.swift */; };
		3014FA3B27964E5E00473CE4 /* ContentView.swift in Sources */ = {isa = PBXBuildFile; fileRef = 3014FA1227964E5D00473CE4 /* ContentView.swift */; };
		3014FA3D27964E5E00473CE4 /* Assets.xcassets in Resources */ = {isa = PBXBuildFile; fileRef = 3014FA1327964E5E00473CE4 /* Assets.xcassets */; };
		3014FA6F27965CFC00473CE4 /* Home.swift in Sources */ = {isa = PBXBuildFile; fileRef = 3014FA6E27965CFC00473CE4 /* Home.swift */; };
		3014FA7127965D1400473CE4 /* Feed.swift in Sources */ = {isa = PBXBuildFile; fileRef = 3014FA7027965D1400473CE4 /* Feed.swift */; };
		3014FA7527965E2F00473CE4 /* CompanyProfile.swift in Sources */ = {isa = PBXBuildFile; fileRef = 3014FA7427965E2F00473CE4 /* CompanyProfile.swift */; };
		3014FA7727965E5200473CE4 /* CompanyRewardsProgramDetails.swift in Sources */ = {isa = PBXBuildFile; fileRef = 3014FA7627965E5200473CE4 /* CompanyRewardsProgramDetails.swift */; };
		3014FA792796FBF800473CE4 /* RewardsProgram.swift in Sources */ = {isa = PBXBuildFile; fileRef = 3014FA782796FBF700473CE4 /* RewardsProgram.swift */; };
		3014FA952796FE7000473CE4 /* DataManager.swift in Sources */ = {isa = PBXBuildFile; fileRef = 3014FA942796FE7000473CE4 /* DataManager.swift */; };
		3014FA972796FF5B00473CE4 /* RewardsProgramViewModel.swift in Sources */ = {isa = PBXBuildFile; fileRef = 3014FA962796FF5B00473CE4 /* RewardsProgramViewModel.swift */; };
		302DE17427B207C80041A981 /* CreateDiscountScreen.swift in Sources */ = {isa = PBXBuildFile; fileRef = 302DE17327B207C70041A981 /* CreateDiscountScreen.swift */; };
		3046EC20279FB34F00D1CBE7 /* SaleWidget.swift in Sources */ = {isa = PBXBuildFile; fileRef = 3046EC1F279FB34F00D1CBE7 /* SaleWidget.swift */; };
		3046EC22279FB3DB00D1CBE7 /* VoteOnProduct.swift in Sources */ = {isa = PBXBuildFile; fileRef = 3046EC21279FB3DB00D1CBE7 /* VoteOnProduct.swift */; };
		3046EC24279FB3E800D1CBE7 /* SaleForProduct.swift in Sources */ = {isa = PBXBuildFile; fileRef = 3046EC23279FB3E800D1CBE7 /* SaleForProduct.swift */; };
		3046EC26279FB43500D1CBE7 /* PostInFeed.swift in Sources */ = {isa = PBXBuildFile; fileRef = 3046EC25279FB43500D1CBE7 /* PostInFeed.swift */; };
		30477A8C2815AF540032E57A /* Feedback.swift in Sources */ = {isa = PBXBuildFile; fileRef = 30477A8B2815AF540032E57A /* Feedback.swift */; };
		304DC88927F3578200E30DCA /* CompanyProfileV2.swift in Sources */ = {isa = PBXBuildFile; fileRef = 304DC88827F3578200E30DCA /* CompanyProfileV2.swift */; };
		304DC88B27F4259200E30DCA /* ReferAFriend.swift in Sources */ = {isa = PBXBuildFile; fileRef = 304DC88A27F4259200E30DCA /* ReferAFriend.swift */; };
		30546E2427FBBF7E00173D9D /* LoginView.swift in Sources */ = {isa = PBXBuildFile; fileRef = 30546E2327FBBF7E00173D9D /* LoginView.swift */; };
		30546E2827FBD06400173D9D /* Profile.swift in Sources */ = {isa = PBXBuildFile; fileRef = 30546E2727FBD06400173D9D /* Profile.swift */; };
		307BCA2127975C27000DDD21 /* DiscountCodes.swift in Sources */ = {isa = PBXBuildFile; fileRef = 307BCA2027975C27000DDD21 /* DiscountCodes.swift */; };
		307BCA2327975C8A000DDD21 /* DiscountCodesViewModel.swift in Sources */ = {isa = PBXBuildFile; fileRef = 307BCA2227975C8A000DDD21 /* DiscountCodesViewModel.swift */; };
		307BCA2527975F2E000DDD21 /* Transactions.swift in Sources */ = {isa = PBXBuildFile; fileRef = 307BCA2427975F2E000DDD21 /* Transactions.swift */; };
		307BCA2727975F89000DDD21 /* TransactionsViewModel.swift in Sources */ = {isa = PBXBuildFile; fileRef = 307BCA2627975F89000DDD21 /* TransactionsViewModel.swift */; };
		308B83F627F441A600BC5211 /* RatingView.swift in Sources */ = {isa = PBXBuildFile; fileRef = 308B83F527F441A600BC5211 /* RatingView.swift */; };
		308B83F827F44DE800BC5211 /* MemberSale.swift in Sources */ = {isa = PBXBuildFile; fileRef = 308B83F727F44DE800BC5211 /* MemberSale.swift */; };
		308B83FA27F5165500BC5211 /* IMG_6178.MOV in Resources */ = {isa = PBXBuildFile; fileRef = 308B83F927F5165500BC5211 /* IMG_6178.MOV */; };
		308B83FC27F768A200BC5211 /* ReviewHistory.swift in Sources */ = {isa = PBXBuildFile; fileRef = 308B83FB27F768A200BC5211 /* ReviewHistory.swift */; };
		309468BF289BB345008286E8 /* Components.swift in Sources */ = {isa = PBXBuildFile; fileRef = 309468BE289BB345008286E8 /* Components.swift */; };
		309468C0289BB345008286E8 /* Components.swift in Sources */ = {isa = PBXBuildFile; fileRef = 309468BE289BB345008286E8 /* Components.swift */; };
		30BA64D42889A177002E3FC8 /* ReviewProductCarousel1.swift in Sources */ = {isa = PBXBuildFile; fileRef = 30BA64D32889A177002E3FC8 /* ReviewProductCarousel1.swift */; };
		30BA64D62889AB7A002E3FC8 /* ReviewProductCarousel2.swift in Sources */ = {isa = PBXBuildFile; fileRef = 30BA64D52889AB7A002E3FC8 /* ReviewProductCarousel2.swift */; };
		30BA64D82889AF56002E3FC8 /* ReviewOrReferWidget.swift in Sources */ = {isa = PBXBuildFile; fileRef = 30BA64D72889AF56002E3FC8 /* ReviewOrReferWidget.swift */; };
		30BA64D92889AF56002E3FC8 /* ReviewOrReferWidget.swift in Sources */ = {isa = PBXBuildFile; fileRef = 30BA64D72889AF56002E3FC8 /* ReviewOrReferWidget.swift */; };
		30C8102128877FD1004B1DA7 /* ReviewProductPreview.swift in Sources */ = {isa = PBXBuildFile; fileRef = 30C8102028877FD1004B1DA7 /* ReviewProductPreview.swift */; };
		30C81024288786EB004B1DA7 /* AddCompanyPreview.swift in Sources */ = {isa = PBXBuildFile; fileRef = 30C81023288786EB004B1DA7 /* AddCompanyPreview.swift */; };
		30C81026288786F2004B1DA7 /* AddCompany.swift in Sources */ = {isa = PBXBuildFile; fileRef = 30C81025288786F2004B1DA7 /* AddCompany.swift */; };
		30C8102828878776004B1DA7 /* AddCompanyWidget.swift in Sources */ = {isa = PBXBuildFile; fileRef = 30C8102728878776004B1DA7 /* AddCompanyWidget.swift */; };
		30C8102C2888612F004B1DA7 /* LoginWithEmailView.swift in Sources */ = {isa = PBXBuildFile; fileRef = 30C8102B2888612F004B1DA7 /* LoginWithEmailView.swift */; };
		30C8102D2888827F004B1DA7 /* Uncommon_LoyaltyApp.swift in Sources */ = {isa = PBXBuildFile; fileRef = 3014FA1127964E5D00473CE4 /* Uncommon_LoyaltyApp.swift */; };
		30C8102F288884CF004B1DA7 /* GoogleService-Info.plist in Resources */ = {isa = PBXBuildFile; fileRef = 30C8102E288884CF004B1DA7 /* GoogleService-Info.plist */; };
		30C81030288884CF004B1DA7 /* GoogleService-Info.plist in Resources */ = {isa = PBXBuildFile; fileRef = 30C8102E288884CF004B1DA7 /* GoogleService-Info.plist */; };
		30C8103128888578004B1DA7 /* LoginWithEmailView.swift in Sources */ = {isa = PBXBuildFile; fileRef = 30C8102B2888612F004B1DA7 /* LoginWithEmailView.swift */; };
		30C810322888857B004B1DA7 /* LoginView.swift in Sources */ = {isa = PBXBuildFile; fileRef = 30546E2327FBBF7E00173D9D /* LoginView.swift */; };
		30C8103428888580004B1DA7 /* ContentView.swift in Sources */ = {isa = PBXBuildFile; fileRef = 3014FA1227964E5D00473CE4 /* ContentView.swift */; };
		30D743012894334C00B22448 /* SDWebImageSwiftUI in Frameworks */ = {isa = PBXBuildFile; productRef = 30D743002894334C00B22448 /* SDWebImageSwiftUI */; };
		30D743042895B41900B22448 /* FirebaseAuth in Frameworks */ = {isa = PBXBuildFile; productRef = 30D743032895B41900B22448 /* FirebaseAuth */; };
		30D743062895B41900B22448 /* FirebaseDynamicLinks in Frameworks */ = {isa = PBXBuildFile; productRef = 30D743052895B41900B22448 /* FirebaseDynamicLinks */; };
		30D743082895B41900B22448 /* FirebaseFirestore in Frameworks */ = {isa = PBXBuildFile; productRef = 30D743072895B41900B22448 /* FirebaseFirestore */; };
		30D7430A2895B41900B22448 /* FirebaseFirestoreCombine-Community in Frameworks */ = {isa = PBXBuildFile; productRef = 30D743092895B41900B22448 /* FirebaseFirestoreCombine-Community */; };
		30D7430C2895B41900B22448 /* FirebaseFirestoreSwift in Frameworks */ = {isa = PBXBuildFile; productRef = 30D7430B2895B41900B22448 /* FirebaseFirestoreSwift */; };
		30D7430E2895B41900B22448 /* FirebaseStorage in Frameworks */ = {isa = PBXBuildFile; productRef = 30D7430D2895B41900B22448 /* FirebaseStorage */; };
		30D743102895B41900B22448 /* FirebaseStorageCombine-Community in Frameworks */ = {isa = PBXBuildFile; productRef = 30D7430F2895B41900B22448 /* FirebaseStorageCombine-Community */; };
		30DC3E6B28A11E4B00613B4B /* History.swift in Sources */ = {isa = PBXBuildFile; fileRef = 30DC3E6A28A11E4B00613B4B /* History.swift */; };
		30DC3E6D28A121AF00613B4B /* Notifications.swift in Sources */ = {isa = PBXBuildFile; fileRef = 30DC3E6C28A121AF00613B4B /* Notifications.swift */; };
		30DC3E7128A13D3600613B4B /* FeaturedWidget1.swift in Sources */ = {isa = PBXBuildFile; fileRef = 30DC3E7028A13D3600613B4B /* FeaturedWidget1.swift */; };
		30DC3E7328A1407B00613B4B /* FeaturedView1.swift in Sources */ = {isa = PBXBuildFile; fileRef = 30DC3E7228A1407B00613B4B /* FeaturedView1.swift */; };
		30DC3E7628A1675700613B4B /* FeaturedWidget2.swift in Sources */ = {isa = PBXBuildFile; fileRef = 30DC3E7528A1675700613B4B /* FeaturedWidget2.swift */; };
		30DC3E7828A167C900613B4B /* FeaturedView2.swift in Sources */ = {isa = PBXBuildFile; fileRef = 30DC3E7728A167C900613B4B /* FeaturedView2.swift */; };
		30E67CAE27E4D35600D9B96F /* ReviewWidget.swift in Sources */ = {isa = PBXBuildFile; fileRef = 30E67CAD27E4D35600D9B96F /* ReviewWidget.swift */; };
		30E67CB027E4DB0000D9B96F /* ReviewProduct.swift in Sources */ = {isa = PBXBuildFile; fileRef = 30E67CAF27E4DB0000D9B96F /* ReviewProduct.swift */; };
		30E67CB227E4DE4C00D9B96F /* VoteWidget.swift in Sources */ = {isa = PBXBuildFile; fileRef = 30E67CB127E4DE4C00D9B96F /* VoteWidget.swift */; };
		30E67CB427E50DF300D9B96F /* Messages.swift in Sources */ = {isa = PBXBuildFile; fileRef = 30E67CB327E50DF300D9B96F /* Messages.swift */; };
		30EA87B32811DC0C00F0CF64 /* ReviewsViewModel.swift in Sources */ = {isa = PBXBuildFile; fileRef = 30EA87B22811DC0C00F0CF64 /* ReviewsViewModel.swift */; };
		30EA87B5281342DE00F0CF64 /* HelperFunctions.swift in Sources */ = {isa = PBXBuildFile; fileRef = 30EA87B4281342DE00F0CF64 /* HelperFunctions.swift */; };
		30EA87B72813516200F0CF64 /* OrdersViewModel.swift in Sources */ = {isa = PBXBuildFile; fileRef = 30EA87B62813516100F0CF64 /* OrdersViewModel.swift */; };
		30EA87B9281351E200F0CF64 /* Orders.swift in Sources */ = {isa = PBXBuildFile; fileRef = 30EA87B8281351E200F0CF64 /* Orders.swift */; };
/* End PBXBuildFile section */

/* Begin PBXContainerItemProxy section */
		3014FA2627964E5E00473CE4 /* PBXContainerItemProxy */ = {
			isa = PBXContainerItemProxy;
			containerPortal = 3014FA0C27964E5D00473CE4 /* Project object */;
			proxyType = 1;
			remoteGlobalIDString = 3014FA1727964E5E00473CE4;
			remoteInfo = "Uncommon Loyalty (iOS)";
		};
/* End PBXContainerItemProxy section */

/* Begin PBXFileReference section */
		300C531A2891878600F80B19 /* TabView.swift */ = {isa = PBXFileReference; lastKnownFileType = sourcecode.swift; path = TabView.swift; sourceTree = "<group>"; };
		300FF53A289A20DC00455D44 /* SuggestAShopPreview.swift */ = {isa = PBXFileReference; lastKnownFileType = sourcecode.swift; path = SuggestAShopPreview.swift; sourceTree = "<group>"; };
		300FF53C289A212100455D44 /* SuggestAShop.swift */ = {isa = PBXFileReference; lastKnownFileType = sourcecode.swift; path = SuggestAShop.swift; sourceTree = "<group>"; };
		300FF53F289A2D2500455D44 /* SendFeedback.swift */ = {isa = PBXFileReference; lastKnownFileType = sourcecode.swift; path = SendFeedback.swift; sourceTree = "<group>"; };
		3014FA1127964E5D00473CE4 /* Uncommon_LoyaltyApp.swift */ = {isa = PBXFileReference; lastKnownFileType = sourcecode.swift; path = Uncommon_LoyaltyApp.swift; sourceTree = "<group>"; };
		3014FA1227964E5D00473CE4 /* ContentView.swift */ = {isa = PBXFileReference; lastKnownFileType = sourcecode.swift; path = ContentView.swift; sourceTree = "<group>"; };
		3014FA1327964E5E00473CE4 /* Assets.xcassets */ = {isa = PBXFileReference; lastKnownFileType = folder.assetcatalog; path = Assets.xcassets; sourceTree = "<group>"; };
		3014FA1827964E5E00473CE4 /* Uncommon Loyalty.app */ = {isa = PBXFileReference; explicitFileType = wrapper.application; includeInIndex = 0; path = "Uncommon Loyalty.app"; sourceTree = BUILT_PRODUCTS_DIR; };
		3014FA2027964E5E00473CE4 /* macOS.entitlements */ = {isa = PBXFileReference; lastKnownFileType = text.plist.entitlements; path = macOS.entitlements; sourceTree = "<group>"; };
		3014FA2527964E5E00473CE4 /* Tests iOS.xctest */ = {isa = PBXFileReference; explicitFileType = wrapper.cfbundle; includeInIndex = 0; path = "Tests iOS.xctest"; sourceTree = BUILT_PRODUCTS_DIR; };
		3014FA2927964E5E00473CE4 /* Tests_iOS.swift */ = {isa = PBXFileReference; lastKnownFileType = sourcecode.swift; path = Tests_iOS.swift; sourceTree = "<group>"; };
		3014FA2B27964E5E00473CE4 /* Tests_iOSLaunchTests.swift */ = {isa = PBXFileReference; lastKnownFileType = sourcecode.swift; path = Tests_iOSLaunchTests.swift; sourceTree = "<group>"; };
		3014FA3527964E5E00473CE4 /* Tests_macOS.swift */ = {isa = PBXFileReference; lastKnownFileType = sourcecode.swift; path = Tests_macOS.swift; sourceTree = "<group>"; };
		3014FA3727964E5E00473CE4 /* Tests_macOSLaunchTests.swift */ = {isa = PBXFileReference; lastKnownFileType = sourcecode.swift; path = Tests_macOSLaunchTests.swift; sourceTree = "<group>"; };
		3014FA6E27965CFC00473CE4 /* Home.swift */ = {isa = PBXFileReference; lastKnownFileType = sourcecode.swift; path = Home.swift; sourceTree = "<group>"; };
		3014FA7027965D1400473CE4 /* Feed.swift */ = {isa = PBXFileReference; lastKnownFileType = sourcecode.swift; path = Feed.swift; sourceTree = "<group>"; };
		3014FA7427965E2F00473CE4 /* CompanyProfile.swift */ = {isa = PBXFileReference; lastKnownFileType = sourcecode.swift; path = CompanyProfile.swift; sourceTree = "<group>"; };
		3014FA7627965E5200473CE4 /* CompanyRewardsProgramDetails.swift */ = {isa = PBXFileReference; lastKnownFileType = sourcecode.swift; path = CompanyRewardsProgramDetails.swift; sourceTree = "<group>"; };
		3014FA782796FBF700473CE4 /* RewardsProgram.swift */ = {isa = PBXFileReference; lastKnownFileType = sourcecode.swift; path = RewardsProgram.swift; sourceTree = "<group>"; };
		3014FA942796FE7000473CE4 /* DataManager.swift */ = {isa = PBXFileReference; lastKnownFileType = sourcecode.swift; path = DataManager.swift; sourceTree = "<group>"; };
		3014FA962796FF5B00473CE4 /* RewardsProgramViewModel.swift */ = {isa = PBXFileReference; lastKnownFileType = sourcecode.swift; path = RewardsProgramViewModel.swift; sourceTree = "<group>"; };
		302DE17327B207C70041A981 /* CreateDiscountScreen.swift */ = {isa = PBXFileReference; lastKnownFileType = sourcecode.swift; path = CreateDiscountScreen.swift; sourceTree = "<group>"; };
		3046EC1F279FB34F00D1CBE7 /* SaleWidget.swift */ = {isa = PBXFileReference; lastKnownFileType = sourcecode.swift; path = SaleWidget.swift; sourceTree = "<group>"; };
		3046EC21279FB3DB00D1CBE7 /* VoteOnProduct.swift */ = {isa = PBXFileReference; lastKnownFileType = sourcecode.swift; path = VoteOnProduct.swift; sourceTree = "<group>"; };
		3046EC23279FB3E800D1CBE7 /* SaleForProduct.swift */ = {isa = PBXFileReference; lastKnownFileType = sourcecode.swift; path = SaleForProduct.swift; sourceTree = "<group>"; };
		3046EC25279FB43500D1CBE7 /* PostInFeed.swift */ = {isa = PBXFileReference; lastKnownFileType = sourcecode.swift; path = PostInFeed.swift; sourceTree = "<group>"; };
		30477A8B2815AF540032E57A /* Feedback.swift */ = {isa = PBXFileReference; lastKnownFileType = sourcecode.swift; path = Feedback.swift; sourceTree = "<group>"; };
		304DC88827F3578200E30DCA /* CompanyProfileV2.swift */ = {isa = PBXFileReference; lastKnownFileType = sourcecode.swift; path = CompanyProfileV2.swift; sourceTree = "<group>"; };
		304DC88A27F4259200E30DCA /* ReferAFriend.swift */ = {isa = PBXFileReference; lastKnownFileType = sourcecode.swift; path = ReferAFriend.swift; sourceTree = "<group>"; };
		30546E2327FBBF7E00173D9D /* LoginView.swift */ = {isa = PBXFileReference; lastKnownFileType = sourcecode.swift; path = LoginView.swift; sourceTree = "<group>"; };
		30546E2727FBD06400173D9D /* Profile.swift */ = {isa = PBXFileReference; lastKnownFileType = sourcecode.swift; path = Profile.swift; sourceTree = "<group>"; };
		30546E2A27FBEEDC00173D9D /* Uncommon-Loyalty--iOS--Info.plist */ = {isa = PBXFileReference; lastKnownFileType = text.plist.xml; path = "Uncommon-Loyalty--iOS--Info.plist"; sourceTree = "<group>"; };
		307BCA2027975C27000DDD21 /* DiscountCodes.swift */ = {isa = PBXFileReference; lastKnownFileType = sourcecode.swift; path = DiscountCodes.swift; sourceTree = "<group>"; };
		307BCA2227975C8A000DDD21 /* DiscountCodesViewModel.swift */ = {isa = PBXFileReference; lastKnownFileType = sourcecode.swift; path = DiscountCodesViewModel.swift; sourceTree = "<group>"; };
		307BCA2427975F2E000DDD21 /* Transactions.swift */ = {isa = PBXFileReference; lastKnownFileType = sourcecode.swift; path = Transactions.swift; sourceTree = "<group>"; };
		307BCA2627975F89000DDD21 /* TransactionsViewModel.swift */ = {isa = PBXFileReference; lastKnownFileType = sourcecode.swift; path = TransactionsViewModel.swift; sourceTree = "<group>"; };
		308B83F527F441A600BC5211 /* RatingView.swift */ = {isa = PBXFileReference; lastKnownFileType = sourcecode.swift; path = RatingView.swift; sourceTree = "<group>"; };
		308B83F727F44DE800BC5211 /* MemberSale.swift */ = {isa = PBXFileReference; lastKnownFileType = sourcecode.swift; path = MemberSale.swift; sourceTree = "<group>"; };
		308B83F927F5165500BC5211 /* IMG_6178.MOV */ = {isa = PBXFileReference; lastKnownFileType = video.quicktime; path = IMG_6178.MOV; sourceTree = "<group>"; };
		308B83FB27F768A200BC5211 /* ReviewHistory.swift */ = {isa = PBXFileReference; lastKnownFileType = sourcecode.swift; path = ReviewHistory.swift; sourceTree = "<group>"; };
		309468BE289BB345008286E8 /* Components.swift */ = {isa = PBXFileReference; lastKnownFileType = sourcecode.swift; path = Components.swift; sourceTree = "<group>"; };
		30BA64D32889A177002E3FC8 /* ReviewProductCarousel1.swift */ = {isa = PBXFileReference; lastKnownFileType = sourcecode.swift; path = ReviewProductCarousel1.swift; sourceTree = "<group>"; };
		30BA64D52889AB7A002E3FC8 /* ReviewProductCarousel2.swift */ = {isa = PBXFileReference; lastKnownFileType = sourcecode.swift; path = ReviewProductCarousel2.swift; sourceTree = "<group>"; };
		30BA64D72889AF56002E3FC8 /* ReviewOrReferWidget.swift */ = {isa = PBXFileReference; lastKnownFileType = sourcecode.swift; path = ReviewOrReferWidget.swift; sourceTree = "<group>"; };
		30C8102028877FD1004B1DA7 /* ReviewProductPreview.swift */ = {isa = PBXFileReference; lastKnownFileType = sourcecode.swift; path = ReviewProductPreview.swift; sourceTree = "<group>"; };
		30C81023288786EB004B1DA7 /* AddCompanyPreview.swift */ = {isa = PBXFileReference; lastKnownFileType = sourcecode.swift; path = AddCompanyPreview.swift; sourceTree = "<group>"; };
		30C81025288786F2004B1DA7 /* AddCompany.swift */ = {isa = PBXFileReference; lastKnownFileType = sourcecode.swift; path = AddCompany.swift; sourceTree = "<group>"; };
		30C8102728878776004B1DA7 /* AddCompanyWidget.swift */ = {isa = PBXFileReference; lastKnownFileType = sourcecode.swift; path = AddCompanyWidget.swift; sourceTree = "<group>"; };
		30C8102A28884650004B1DA7 /* Uncommon Loyalty (iOS).entitlements */ = {isa = PBXFileReference; lastKnownFileType = text.plist.entitlements; path = "Uncommon Loyalty (iOS).entitlements"; sourceTree = "<group>"; };
		30C8102B2888612F004B1DA7 /* LoginWithEmailView.swift */ = {isa = PBXFileReference; lastKnownFileType = sourcecode.swift; path = LoginWithEmailView.swift; sourceTree = "<group>"; };
		30C8102E288884CF004B1DA7 /* GoogleService-Info.plist */ = {isa = PBXFileReference; fileEncoding = 4; lastKnownFileType = text.plist.xml; path = "GoogleService-Info.plist"; sourceTree = "<group>"; };
		30DC3E6A28A11E4B00613B4B /* History.swift */ = {isa = PBXFileReference; lastKnownFileType = sourcecode.swift; path = History.swift; sourceTree = "<group>"; };
		30DC3E6C28A121AF00613B4B /* Notifications.swift */ = {isa = PBXFileReference; lastKnownFileType = sourcecode.swift; path = Notifications.swift; sourceTree = "<group>"; };
		30DC3E7028A13D3600613B4B /* FeaturedWidget1.swift */ = {isa = PBXFileReference; lastKnownFileType = sourcecode.swift; path = FeaturedWidget1.swift; sourceTree = "<group>"; };
		30DC3E7228A1407B00613B4B /* FeaturedView1.swift */ = {isa = PBXFileReference; lastKnownFileType = sourcecode.swift; path = FeaturedView1.swift; sourceTree = "<group>"; };
		30DC3E7528A1675700613B4B /* FeaturedWidget2.swift */ = {isa = PBXFileReference; lastKnownFileType = sourcecode.swift; path = FeaturedWidget2.swift; sourceTree = "<group>"; };
		30DC3E7728A167C900613B4B /* FeaturedView2.swift */ = {isa = PBXFileReference; lastKnownFileType = sourcecode.swift; path = FeaturedView2.swift; sourceTree = "<group>"; };
		30E67CAD27E4D35600D9B96F /* ReviewWidget.swift */ = {isa = PBXFileReference; lastKnownFileType = sourcecode.swift; path = ReviewWidget.swift; sourceTree = "<group>"; };
		30E67CAF27E4DB0000D9B96F /* ReviewProduct.swift */ = {isa = PBXFileReference; lastKnownFileType = sourcecode.swift; path = ReviewProduct.swift; sourceTree = "<group>"; };
		30E67CB127E4DE4C00D9B96F /* VoteWidget.swift */ = {isa = PBXFileReference; lastKnownFileType = sourcecode.swift; path = VoteWidget.swift; sourceTree = "<group>"; };
		30E67CB327E50DF300D9B96F /* Messages.swift */ = {isa = PBXFileReference; lastKnownFileType = sourcecode.swift; path = Messages.swift; sourceTree = "<group>"; };
		30EA87B22811DC0C00F0CF64 /* ReviewsViewModel.swift */ = {isa = PBXFileReference; lastKnownFileType = sourcecode.swift; path = ReviewsViewModel.swift; sourceTree = "<group>"; };
		30EA87B4281342DE00F0CF64 /* HelperFunctions.swift */ = {isa = PBXFileReference; lastKnownFileType = sourcecode.swift; path = HelperFunctions.swift; sourceTree = "<group>"; };
		30EA87B62813516100F0CF64 /* OrdersViewModel.swift */ = {isa = PBXFileReference; lastKnownFileType = sourcecode.swift; path = OrdersViewModel.swift; sourceTree = "<group>"; };
		30EA87B8281351E200F0CF64 /* Orders.swift */ = {isa = PBXFileReference; lastKnownFileType = sourcecode.swift; path = Orders.swift; sourceTree = "<group>"; };
/* End PBXFileReference section */

/* Begin PBXFrameworksBuildPhase section */
		3014FA1527964E5E00473CE4 /* Frameworks */ = {
			isa = PBXFrameworksBuildPhase;
			buildActionMask = 2147483647;
			files = (
				30D743012894334C00B22448 /* SDWebImageSwiftUI in Frameworks */,
				30D743082895B41900B22448 /* FirebaseFirestore in Frameworks */,
				30D743102895B41900B22448 /* FirebaseStorageCombine-Community in Frameworks */,
				30D743042895B41900B22448 /* FirebaseAuth in Frameworks */,
				30D7430A2895B41900B22448 /* FirebaseFirestoreCombine-Community in Frameworks */,
				30D7430E2895B41900B22448 /* FirebaseStorage in Frameworks */,
				30D743062895B41900B22448 /* FirebaseDynamicLinks in Frameworks */,
				30D7430C2895B41900B22448 /* FirebaseFirestoreSwift in Frameworks */,
			);
			runOnlyForDeploymentPostprocessing = 0;
		};
		3014FA2227964E5E00473CE4 /* Frameworks */ = {
			isa = PBXFrameworksBuildPhase;
			buildActionMask = 2147483647;
			files = (
			);
			runOnlyForDeploymentPostprocessing = 0;
		};
/* End PBXFrameworksBuildPhase section */

/* Begin PBXGroup section */
		300FF539289A20B300455D44 /* SuggestAShop */ = {
			isa = PBXGroup;
			children = (
				300FF53A289A20DC00455D44 /* SuggestAShopPreview.swift */,
				300FF53C289A212100455D44 /* SuggestAShop.swift */,
			);
			path = SuggestAShop;
			sourceTree = "<group>";
		};
		300FF53E289A2D1600455D44 /* SendFeedback */ = {
			isa = PBXGroup;
			children = (
				300FF53F289A2D2500455D44 /* SendFeedback.swift */,
			);
			path = SendFeedback;
			sourceTree = "<group>";
		};
		3014FA0B27964E5D00473CE4 = {
			isa = PBXGroup;
			children = (
				30C8102A28884650004B1DA7 /* Uncommon Loyalty (iOS).entitlements */,
				3014FA1027964E5D00473CE4 /* Shared */,
				30546E2A27FBEEDC00173D9D /* Uncommon-Loyalty--iOS--Info.plist */,
				3014FA1F27964E5E00473CE4 /* macOS */,
				3014FA2827964E5E00473CE4 /* Tests iOS */,
				3014FA3427964E5E00473CE4 /* Tests macOS */,
				3014FA1927964E5E00473CE4 /* Products */,
			);
			sourceTree = "<group>";
		};
		3014FA1027964E5D00473CE4 /* Shared */ = {
			isa = PBXGroup;
			children = (
				3014FA1127964E5D00473CE4 /* Uncommon_LoyaltyApp.swift */,
				3014FA912796FE1300473CE4 /* Views */,
				3014FA902796FE0800473CE4 /* ViewModels */,
				3014FA8F2796FDFE00473CE4 /* Models */,
				30EA87B4281342DE00F0CF64 /* HelperFunctions.swift */,
				308B83F927F5165500BC5211 /* IMG_6178.MOV */,
				3014FA1327964E5E00473CE4 /* Assets.xcassets */,
				30C8102E288884CF004B1DA7 /* GoogleService-Info.plist */,
			);
			path = Shared;
			sourceTree = "<group>";
		};
		3014FA1927964E5E00473CE4 /* Products */ = {
			isa = PBXGroup;
			children = (
				3014FA1827964E5E00473CE4 /* Uncommon Loyalty.app */,
				3014FA2527964E5E00473CE4 /* Tests iOS.xctest */,
			);
			name = Products;
			sourceTree = "<group>";
		};
		3014FA1F27964E5E00473CE4 /* macOS */ = {
			isa = PBXGroup;
			children = (
				3014FA2027964E5E00473CE4 /* macOS.entitlements */,
			);
			path = macOS;
			sourceTree = "<group>";
		};
		3014FA2827964E5E00473CE4 /* Tests iOS */ = {
			isa = PBXGroup;
			children = (
				3014FA2927964E5E00473CE4 /* Tests_iOS.swift */,
				3014FA2B27964E5E00473CE4 /* Tests_iOSLaunchTests.swift */,
			);
			path = "Tests iOS";
			sourceTree = "<group>";
		};
		3014FA3427964E5E00473CE4 /* Tests macOS */ = {
			isa = PBXGroup;
			children = (
				3014FA3527964E5E00473CE4 /* Tests_macOS.swift */,
				3014FA3727964E5E00473CE4 /* Tests_macOSLaunchTests.swift */,
			);
			path = "Tests macOS";
			sourceTree = "<group>";
		};
		3014FA8F2796FDFE00473CE4 /* Models */ = {
			isa = PBXGroup;
			children = (
				3014FA782796FBF700473CE4 /* RewardsProgram.swift */,
				307BCA2027975C27000DDD21 /* DiscountCodes.swift */,
				307BCA2427975F2E000DDD21 /* Transactions.swift */,
				30EA87B8281351E200F0CF64 /* Orders.swift */,
				3046EC25279FB43500D1CBE7 /* PostInFeed.swift */,
			);
			path = Models;
			sourceTree = "<group>";
		};
		3014FA902796FE0800473CE4 /* ViewModels */ = {
			isa = PBXGroup;
			children = (
				3014FA942796FE7000473CE4 /* DataManager.swift */,
				3014FA962796FF5B00473CE4 /* RewardsProgramViewModel.swift */,
				307BCA2227975C8A000DDD21 /* DiscountCodesViewModel.swift */,
				30EA87B22811DC0C00F0CF64 /* ReviewsViewModel.swift */,
				307BCA2627975F89000DDD21 /* TransactionsViewModel.swift */,
				30EA87B62813516100F0CF64 /* OrdersViewModel.swift */,
			);
			path = ViewModels;
			sourceTree = "<group>";
		};
		3014FA912796FE1300473CE4 /* Views */ = {
			isa = PBXGroup;
			children = (
				3014FA1227964E5D00473CE4 /* ContentView.swift */,
				300C531A2891878600F80B19 /* TabView.swift */,
				30546E2327FBBF7E00173D9D /* LoginView.swift */,
				30C8102B2888612F004B1DA7 /* LoginWithEmailView.swift */,
				309468BE289BB345008286E8 /* Components.swift */,
				3014FA922796FE1F00473CE4 /* Home */,
				3014FA932796FE3600473CE4 /* Feed */,
				30477A8A2815AF430032E57A /* Feedback */,
				30E67CB527E50DF800D9B96F /* Messages */,
			);
			path = Views;
			sourceTree = "<group>";
		};
		3014FA922796FE1F00473CE4 /* Home */ = {
			isa = PBXGroup;
			children = (
				3014FA6E27965CFC00473CE4 /* Home.swift */,
				30DC3E7428A1674200613B4B /* Featured */,
				30BA64D72889AF56002E3FC8 /* ReviewOrReferWidget.swift */,
				30546E2627FBD05100173D9D /* UserProfile */,
				30C810292887877D004B1DA7 /* AddCompany */,
				300FF539289A20B300455D44 /* SuggestAShop */,
				300FF53E289A2D1600455D44 /* SendFeedback */,
				30C8102228878672004B1DA7 /* CompanyProfile */,
				308B83F727F44DE800BC5211 /* MemberSale.swift */,
				3014FA7427965E2F00473CE4 /* CompanyProfile.swift */,
			);
			path = Home;
			sourceTree = "<group>";
		};
		3014FA932796FE3600473CE4 /* Feed */ = {
			isa = PBXGroup;
			children = (
				3014FA7027965D1400473CE4 /* Feed.swift */,
				3046EC1F279FB34F00D1CBE7 /* SaleWidget.swift */,
				30E67CAD27E4D35600D9B96F /* ReviewWidget.swift */,
				30E67CB127E4DE4C00D9B96F /* VoteWidget.swift */,
				3046EC21279FB3DB00D1CBE7 /* VoteOnProduct.swift */,
				3046EC23279FB3E800D1CBE7 /* SaleForProduct.swift */,
			);
			path = Feed;
			sourceTree = "<group>";
		};
		30477A8A2815AF430032E57A /* Feedback */ = {
			isa = PBXGroup;
			children = (
				30477A8B2815AF540032E57A /* Feedback.swift */,
			);
			path = Feedback;
			sourceTree = "<group>";
		};
		30546E2627FBD05100173D9D /* UserProfile */ = {
			isa = PBXGroup;
			children = (
				30546E2727FBD06400173D9D /* Profile.swift */,
			);
			path = UserProfile;
			sourceTree = "<group>";
		};
		30C8101D28877BEF004B1DA7 /* Discount */ = {
			isa = PBXGroup;
			children = (
				302DE17327B207C70041A981 /* CreateDiscountScreen.swift */,
			);
			path = Discount;
			sourceTree = "<group>";
		};
		30C8101E28877BFB004B1DA7 /* Refer */ = {
			isa = PBXGroup;
			children = (
				304DC88A27F4259200E30DCA /* ReferAFriend.swift */,
			);
			path = Refer;
			sourceTree = "<group>";
		};
		30C8101F28877C0A004B1DA7 /* Review */ = {
			isa = PBXGroup;
			children = (
				308B83FB27F768A200BC5211 /* ReviewHistory.swift */,
				30C8102028877FD1004B1DA7 /* ReviewProductPreview.swift */,
				30BA64D32889A177002E3FC8 /* ReviewProductCarousel1.swift */,
				30BA64D52889AB7A002E3FC8 /* ReviewProductCarousel2.swift */,
				30E67CAF27E4DB0000D9B96F /* ReviewProduct.swift */,
				308B83F527F441A600BC5211 /* RatingView.swift */,
			);
			path = Review;
			sourceTree = "<group>";
		};
		30C8102228878672004B1DA7 /* CompanyProfile */ = {
			isa = PBXGroup;
			children = (
				304DC88827F3578200E30DCA /* CompanyProfileV2.swift */,
				3014FA7627965E5200473CE4 /* CompanyRewardsProgramDetails.swift */,
				30C8101D28877BEF004B1DA7 /* Discount */,
				30C8101E28877BFB004B1DA7 /* Refer */,
				30C8101F28877C0A004B1DA7 /* Review */,
				30DC3E6A28A11E4B00613B4B /* History.swift */,
				30DC3E6C28A121AF00613B4B /* Notifications.swift */,
			);
			path = CompanyProfile;
			sourceTree = "<group>";
		};
		30C810292887877D004B1DA7 /* AddCompany */ = {
			isa = PBXGroup;
			children = (
				30C81023288786EB004B1DA7 /* AddCompanyPreview.swift */,
				30C8102728878776004B1DA7 /* AddCompanyWidget.swift */,
				30C81025288786F2004B1DA7 /* AddCompany.swift */,
			);
			path = AddCompany;
			sourceTree = "<group>";
		};
		30DC3E7428A1674200613B4B /* Featured */ = {
			isa = PBXGroup;
			children = (
				30DC3E7028A13D3600613B4B /* FeaturedWidget1.swift */,
				30DC3E7228A1407B00613B4B /* FeaturedView1.swift */,
				30DC3E7528A1675700613B4B /* FeaturedWidget2.swift */,
				30DC3E7728A167C900613B4B /* FeaturedView2.swift */,
			);
			path = Featured;
			sourceTree = "<group>";
		};
		30E67CB527E50DF800D9B96F /* Messages */ = {
			isa = PBXGroup;
			children = (
				30E67CB327E50DF300D9B96F /* Messages.swift */,
			);
			path = Messages;
			sourceTree = "<group>";
		};
/* End PBXGroup section */

/* Begin PBXNativeTarget section */
		3014FA1727964E5E00473CE4 /* Uncommon Loyalty (iOS) */ = {
			isa = PBXNativeTarget;
			buildConfigurationList = 3014FA4127964E5E00473CE4 /* Build configuration list for PBXNativeTarget "Uncommon Loyalty (iOS)" */;
			buildPhases = (
				3014FA1427964E5E00473CE4 /* Sources */,
				3014FA1527964E5E00473CE4 /* Frameworks */,
				3014FA1627964E5E00473CE4 /* Resources */,
				3014FA6D2796565B00473CE4 /* Crashlytics Run Script */,
			);
			buildRules = (
			);
			dependencies = (
			);
			name = "Uncommon Loyalty (iOS)";
			packageProductDependencies = (
				30D743002894334C00B22448 /* SDWebImageSwiftUI */,
				30D743032895B41900B22448 /* FirebaseAuth */,
				30D743052895B41900B22448 /* FirebaseDynamicLinks */,
				30D743072895B41900B22448 /* FirebaseFirestore */,
				30D743092895B41900B22448 /* FirebaseFirestoreCombine-Community */,
				30D7430B2895B41900B22448 /* FirebaseFirestoreSwift */,
				30D7430D2895B41900B22448 /* FirebaseStorage */,
				30D7430F2895B41900B22448 /* FirebaseStorageCombine-Community */,
			);
			productName = "Uncommon Loyalty (iOS)";
			productReference = 3014FA1827964E5E00473CE4 /* Uncommon Loyalty.app */;
			productType = "com.apple.product-type.application";
		};
		3014FA2427964E5E00473CE4 /* Tests iOS */ = {
			isa = PBXNativeTarget;
			buildConfigurationList = 3014FA4727964E5E00473CE4 /* Build configuration list for PBXNativeTarget "Tests iOS" */;
			buildPhases = (
				3014FA2127964E5E00473CE4 /* Sources */,
				3014FA2227964E5E00473CE4 /* Frameworks */,
				3014FA2327964E5E00473CE4 /* Resources */,
			);
			buildRules = (
			);
			dependencies = (
				3014FA2727964E5E00473CE4 /* PBXTargetDependency */,
			);
			name = "Tests iOS";
			productName = "Tests iOS";
			productReference = 3014FA2527964E5E00473CE4 /* Tests iOS.xctest */;
			productType = "com.apple.product-type.bundle.ui-testing";
		};
/* End PBXNativeTarget section */

/* Begin PBXProject section */
		3014FA0C27964E5D00473CE4 /* Project object */ = {
			isa = PBXProject;
			attributes = {
				BuildIndependentTargetsInParallel = 1;
				LastSwiftUpdateCheck = 1320;
				LastUpgradeCheck = 1340;
				TargetAttributes = {
					3014FA1727964E5E00473CE4 = {
						CreatedOnToolsVersion = 13.2.1;
					};
					3014FA2427964E5E00473CE4 = {
						CreatedOnToolsVersion = 13.2.1;
						TestTargetID = 3014FA1727964E5E00473CE4;
					};
				};
			};
			buildConfigurationList = 3014FA0F27964E5D00473CE4 /* Build configuration list for PBXProject "Uncommon Loyalty" */;
			compatibilityVersion = "Xcode 13.0";
			developmentRegion = en;
			hasScannedForEncodings = 0;
			knownRegions = (
				en,
				Base,
			);
			mainGroup = 3014FA0B27964E5D00473CE4;
			packageReferences = (
				30D742FF2894334C00B22448 /* XCRemoteSwiftPackageReference "SDWebImageSwiftUI" */,
				30D743022895B41900B22448 /* XCRemoteSwiftPackageReference "firebase-ios-sdk" */,
			);
			productRefGroup = 3014FA1927964E5E00473CE4 /* Products */;
			projectDirPath = "";
			projectRoot = "";
			targets = (
				3014FA1727964E5E00473CE4 /* Uncommon Loyalty (iOS) */,
				3014FA2427964E5E00473CE4 /* Tests iOS */,
			);
		};
/* End PBXProject section */

/* Begin PBXResourcesBuildPhase section */
		3014FA1627964E5E00473CE4 /* Resources */ = {
			isa = PBXResourcesBuildPhase;
			buildActionMask = 2147483647;
			files = (
				308B83FA27F5165500BC5211 /* IMG_6178.MOV in Resources */,
				3014FA3D27964E5E00473CE4 /* Assets.xcassets in Resources */,
				30C8102F288884CF004B1DA7 /* GoogleService-Info.plist in Resources */,
			);
			runOnlyForDeploymentPostprocessing = 0;
		};
		3014FA2327964E5E00473CE4 /* Resources */ = {
			isa = PBXResourcesBuildPhase;
			buildActionMask = 2147483647;
			files = (
				30C81030288884CF004B1DA7 /* GoogleService-Info.plist in Resources */,
			);
			runOnlyForDeploymentPostprocessing = 0;
		};
/* End PBXResourcesBuildPhase section */

/* Begin PBXShellScriptBuildPhase section */
		3014FA6D2796565B00473CE4 /* Crashlytics Run Script */ = {
			isa = PBXShellScriptBuildPhase;
			buildActionMask = 2147483647;
			files = (
			);
			inputFileListPaths = (
			);
			inputPaths = (
				"$(BUILT_PRODUCTS_DIR)/$(INFOPLIST_PATH)",
			);
			name = "Crashlytics Run Script";
			outputFileListPaths = (
			);
			outputPaths = (
			);
			runOnlyForDeploymentPostprocessing = 0;
			shellPath = /bin/sh;
			shellScript = "# Type a script or drag a script file from your workspace to insert its path.\n${BUILD_DIR%/Build/*}/SourcePackages/checkouts/firebase-ios-sdk/Crashlytics/run\n";
		};
/* End PBXShellScriptBuildPhase section */

/* Begin PBXSourcesBuildPhase section */
		3014FA1427964E5E00473CE4 /* Sources */ = {
			isa = PBXSourcesBuildPhase;
			buildActionMask = 2147483647;
			files = (
				3046EC26279FB43500D1CBE7 /* PostInFeed.swift in Sources */,
				309468BF289BB345008286E8 /* Components.swift in Sources */,
				30546E2827FBD06400173D9D /* Profile.swift in Sources */,
				300FF540289A2D2500455D44 /* SendFeedback.swift in Sources */,
				30546E2427FBBF7E00173D9D /* LoginView.swift in Sources */,
				30E67CB427E50DF300D9B96F /* Messages.swift in Sources */,
				30DC3E7628A1675700613B4B /* FeaturedWidget2.swift in Sources */,
				302DE17427B207C80041A981 /* CreateDiscountScreen.swift in Sources */,
				30E67CB027E4DB0000D9B96F /* ReviewProduct.swift in Sources */,
				3014FA3B27964E5E00473CE4 /* ContentView.swift in Sources */,
				30EA87B72813516200F0CF64 /* OrdersViewModel.swift in Sources */,
				304DC88B27F4259200E30DCA /* ReferAFriend.swift in Sources */,
				30C81024288786EB004B1DA7 /* AddCompanyPreview.swift in Sources */,
				3046EC24279FB3E800D1CBE7 /* SaleForProduct.swift in Sources */,
				30C8102C2888612F004B1DA7 /* LoginWithEmailView.swift in Sources */,
				30EA87B5281342DE00F0CF64 /* HelperFunctions.swift in Sources */,
				308B83F627F441A600BC5211 /* RatingView.swift in Sources */,
				30C81026288786F2004B1DA7 /* AddCompany.swift in Sources */,
				30BA64D82889AF56002E3FC8 /* ReviewOrReferWidget.swift in Sources */,
				30477A8C2815AF540032E57A /* Feedback.swift in Sources */,
				30DC3E7128A13D3600613B4B /* FeaturedWidget1.swift in Sources */,
				307BCA2527975F2E000DDD21 /* Transactions.swift in Sources */,
				300FF53B289A20DC00455D44 /* SuggestAShopPreview.swift in Sources */,
				3046EC20279FB34F00D1CBE7 /* SaleWidget.swift in Sources */,
				30E67CB227E4DE4C00D9B96F /* VoteWidget.swift in Sources */,
				30EA87B32811DC0C00F0CF64 /* ReviewsViewModel.swift in Sources */,
				3014FA7527965E2F00473CE4 /* CompanyProfile.swift in Sources */,
				300C531B2891878600F80B19 /* TabView.swift in Sources */,
				307BCA2327975C8A000DDD21 /* DiscountCodesViewModel.swift in Sources */,
				30C8102828878776004B1DA7 /* AddCompanyWidget.swift in Sources */,
				307BCA2127975C27000DDD21 /* DiscountCodes.swift in Sources */,
				308B83FC27F768A200BC5211 /* ReviewHistory.swift in Sources */,
				307BCA2727975F89000DDD21 /* TransactionsViewModel.swift in Sources */,
				3014FA7727965E5200473CE4 /* CompanyRewardsProgramDetails.swift in Sources */,
				308B83F827F44DE800BC5211 /* MemberSale.swift in Sources */,
				30DC3E7828A167C900613B4B /* FeaturedView2.swift in Sources */,
				3014FA792796FBF800473CE4 /* RewardsProgram.swift in Sources */,
				30EA87B9281351E200F0CF64 /* Orders.swift in Sources */,
				30BA64D62889AB7A002E3FC8 /* ReviewProductCarousel2.swift in Sources */,
				30C8102128877FD1004B1DA7 /* ReviewProductPreview.swift in Sources */,
				30DC3E6B28A11E4B00613B4B /* History.swift in Sources */,
				3014FA7127965D1400473CE4 /* Feed.swift in Sources */,
				3046EC22279FB3DB00D1CBE7 /* VoteOnProduct.swift in Sources */,
				304DC88927F3578200E30DCA /* CompanyProfileV2.swift in Sources */,
				30DC3E7328A1407B00613B4B /* FeaturedView1.swift in Sources */,
				30E67CAE27E4D35600D9B96F /* ReviewWidget.swift in Sources */,
				3014FA6F27965CFC00473CE4 /* Home.swift in Sources */,
				30DC3E6D28A121AF00613B4B /* Notifications.swift in Sources */,
				3014FA952796FE7000473CE4 /* DataManager.swift in Sources */,
				30BA64D42889A177002E3FC8 /* ReviewProductCarousel1.swift in Sources */,
				3014FA972796FF5B00473CE4 /* RewardsProgramViewModel.swift in Sources */,
				300FF53D289A212100455D44 /* SuggestAShop.swift in Sources */,
				3014FA3927964E5E00473CE4 /* Uncommon_LoyaltyApp.swift in Sources */,
			);
			runOnlyForDeploymentPostprocessing = 0;
		};
		3014FA2127964E5E00473CE4 /* Sources */ = {
			isa = PBXSourcesBuildPhase;
			buildActionMask = 2147483647;
			files = (
				3014FA2C27964E5E00473CE4 /* Tests_iOSLaunchTests.swift in Sources */,
				3014FA2A27964E5E00473CE4 /* Tests_iOS.swift in Sources */,
				300C531D2891878600F80B19 /* TabView.swift in Sources */,
				30C8103428888580004B1DA7 /* ContentView.swift in Sources */,
				30C8102D2888827F004B1DA7 /* Uncommon_LoyaltyApp.swift in Sources */,
				30C810322888857B004B1DA7 /* LoginView.swift in Sources */,
				30BA64D92889AF56002E3FC8 /* ReviewOrReferWidget.swift in Sources */,
				309468C0289BB345008286E8 /* Components.swift in Sources */,
				30C8103128888578004B1DA7 /* LoginWithEmailView.swift in Sources */,
			);
			runOnlyForDeploymentPostprocessing = 0;
		};
/* End PBXSourcesBuildPhase section */

/* Begin PBXTargetDependency section */
		3014FA2727964E5E00473CE4 /* PBXTargetDependency */ = {
			isa = PBXTargetDependency;
			target = 3014FA1727964E5E00473CE4 /* Uncommon Loyalty (iOS) */;
			targetProxy = 3014FA2627964E5E00473CE4 /* PBXContainerItemProxy */;
		};
/* End PBXTargetDependency section */

/* Begin XCBuildConfiguration section */
		3014FA3F27964E5E00473CE4 /* Debug */ = {
			isa = XCBuildConfiguration;
			buildSettings = {
				ALWAYS_SEARCH_USER_PATHS = NO;
				CLANG_ANALYZER_NONNULL = YES;
				CLANG_ANALYZER_NUMBER_OBJECT_CONVERSION = YES_AGGRESSIVE;
				CLANG_CXX_LANGUAGE_STANDARD = "gnu++17";
				CLANG_CXX_LIBRARY = "libc++";
				CLANG_ENABLE_MODULES = YES;
				CLANG_ENABLE_OBJC_ARC = YES;
				CLANG_ENABLE_OBJC_WEAK = YES;
				CLANG_WARN_BLOCK_CAPTURE_AUTORELEASING = YES;
				CLANG_WARN_BOOL_CONVERSION = YES;
				CLANG_WARN_COMMA = YES;
				CLANG_WARN_CONSTANT_CONVERSION = YES;
				CLANG_WARN_DEPRECATED_OBJC_IMPLEMENTATIONS = YES;
				CLANG_WARN_DIRECT_OBJC_ISA_USAGE = YES_ERROR;
				CLANG_WARN_DOCUMENTATION_COMMENTS = YES;
				CLANG_WARN_EMPTY_BODY = YES;
				CLANG_WARN_ENUM_CONVERSION = YES;
				CLANG_WARN_INFINITE_RECURSION = YES;
				CLANG_WARN_INT_CONVERSION = YES;
				CLANG_WARN_NON_LITERAL_NULL_CONVERSION = YES;
				CLANG_WARN_OBJC_IMPLICIT_RETAIN_SELF = YES;
				CLANG_WARN_OBJC_LITERAL_CONVERSION = YES;
				CLANG_WARN_OBJC_ROOT_CLASS = YES_ERROR;
				CLANG_WARN_QUOTED_INCLUDE_IN_FRAMEWORK_HEADER = YES;
				CLANG_WARN_RANGE_LOOP_ANALYSIS = YES;
				CLANG_WARN_STRICT_PROTOTYPES = YES;
				CLANG_WARN_SUSPICIOUS_MOVE = YES;
				CLANG_WARN_UNGUARDED_AVAILABILITY = YES_AGGRESSIVE;
				CLANG_WARN_UNREACHABLE_CODE = YES;
				CLANG_WARN__DUPLICATE_METHOD_MATCH = YES;
				COPY_PHASE_STRIP = NO;
				DEBUG_INFORMATION_FORMAT = "dwarf-with-dsym";
				ENABLE_STRICT_OBJC_MSGSEND = YES;
				ENABLE_TESTABILITY = YES;
				GCC_C_LANGUAGE_STANDARD = gnu11;
				GCC_DYNAMIC_NO_PIC = NO;
				GCC_NO_COMMON_BLOCKS = YES;
				GCC_OPTIMIZATION_LEVEL = 0;
				GCC_PREPROCESSOR_DEFINITIONS = (
					"DEBUG=1",
					"$(inherited)",
				);
				GCC_WARN_64_TO_32_BIT_CONVERSION = YES;
				GCC_WARN_ABOUT_RETURN_TYPE = YES_ERROR;
				GCC_WARN_UNDECLARED_SELECTOR = YES;
				GCC_WARN_UNINITIALIZED_AUTOS = YES_AGGRESSIVE;
				GCC_WARN_UNUSED_FUNCTION = YES;
				GCC_WARN_UNUSED_VARIABLE = YES;
				MTL_ENABLE_DEBUG_INFO = INCLUDE_SOURCE;
				MTL_FAST_MATH = YES;
				ONLY_ACTIVE_ARCH = YES;
				OTHER_LDFLAGS = "-ObjC";
				SWIFT_ACTIVE_COMPILATION_CONDITIONS = DEBUG;
				SWIFT_OPTIMIZATION_LEVEL = "-Onone";
			};
			name = Debug;
		};
		3014FA4027964E5E00473CE4 /* Release */ = {
			isa = XCBuildConfiguration;
			buildSettings = {
				ALWAYS_SEARCH_USER_PATHS = NO;
				CLANG_ANALYZER_NONNULL = YES;
				CLANG_ANALYZER_NUMBER_OBJECT_CONVERSION = YES_AGGRESSIVE;
				CLANG_CXX_LANGUAGE_STANDARD = "gnu++17";
				CLANG_CXX_LIBRARY = "libc++";
				CLANG_ENABLE_MODULES = YES;
				CLANG_ENABLE_OBJC_ARC = YES;
				CLANG_ENABLE_OBJC_WEAK = YES;
				CLANG_WARN_BLOCK_CAPTURE_AUTORELEASING = YES;
				CLANG_WARN_BOOL_CONVERSION = YES;
				CLANG_WARN_COMMA = YES;
				CLANG_WARN_CONSTANT_CONVERSION = YES;
				CLANG_WARN_DEPRECATED_OBJC_IMPLEMENTATIONS = YES;
				CLANG_WARN_DIRECT_OBJC_ISA_USAGE = YES_ERROR;
				CLANG_WARN_DOCUMENTATION_COMMENTS = YES;
				CLANG_WARN_EMPTY_BODY = YES;
				CLANG_WARN_ENUM_CONVERSION = YES;
				CLANG_WARN_INFINITE_RECURSION = YES;
				CLANG_WARN_INT_CONVERSION = YES;
				CLANG_WARN_NON_LITERAL_NULL_CONVERSION = YES;
				CLANG_WARN_OBJC_IMPLICIT_RETAIN_SELF = YES;
				CLANG_WARN_OBJC_LITERAL_CONVERSION = YES;
				CLANG_WARN_OBJC_ROOT_CLASS = YES_ERROR;
				CLANG_WARN_QUOTED_INCLUDE_IN_FRAMEWORK_HEADER = YES;
				CLANG_WARN_RANGE_LOOP_ANALYSIS = YES;
				CLANG_WARN_STRICT_PROTOTYPES = YES;
				CLANG_WARN_SUSPICIOUS_MOVE = YES;
				CLANG_WARN_UNGUARDED_AVAILABILITY = YES_AGGRESSIVE;
				CLANG_WARN_UNREACHABLE_CODE = YES;
				CLANG_WARN__DUPLICATE_METHOD_MATCH = YES;
				COPY_PHASE_STRIP = NO;
				DEBUG_INFORMATION_FORMAT = "dwarf-with-dsym";
				ENABLE_NS_ASSERTIONS = NO;
				ENABLE_STRICT_OBJC_MSGSEND = YES;
				GCC_C_LANGUAGE_STANDARD = gnu11;
				GCC_NO_COMMON_BLOCKS = YES;
				GCC_WARN_64_TO_32_BIT_CONVERSION = YES;
				GCC_WARN_ABOUT_RETURN_TYPE = YES_ERROR;
				GCC_WARN_UNDECLARED_SELECTOR = YES;
				GCC_WARN_UNINITIALIZED_AUTOS = YES_AGGRESSIVE;
				GCC_WARN_UNUSED_FUNCTION = YES;
				GCC_WARN_UNUSED_VARIABLE = YES;
				MTL_ENABLE_DEBUG_INFO = NO;
				MTL_FAST_MATH = YES;
				OTHER_LDFLAGS = "-ObjC";
				SWIFT_COMPILATION_MODE = wholemodule;
				SWIFT_OPTIMIZATION_LEVEL = "-O";
			};
			name = Release;
		};
		3014FA4227964E5E00473CE4 /* Debug */ = {
			isa = XCBuildConfiguration;
			buildSettings = {
				ASSETCATALOG_COMPILER_APPICON_NAME = AppIcon;
				ASSETCATALOG_COMPILER_GLOBAL_ACCENT_COLOR_NAME = AccentColor;
				CODE_SIGN_ENTITLEMENTS = "Uncommon Loyalty (iOS).entitlements";
				CODE_SIGN_IDENTITY = "Apple Development";
				CODE_SIGN_STYLE = Automatic;
				CURRENT_PROJECT_VERSION = 2;
				DEVELOPMENT_TEAM = F6HF4R7G4W;
				ENABLE_PREVIEWS = YES;
				GENERATE_INFOPLIST_FILE = YES;
				INFOPLIST_FILE = "Uncommon-Loyalty--iOS--Info.plist";
				INFOPLIST_KEY_UIApplicationSceneManifest_Generation = YES;
				INFOPLIST_KEY_UIApplicationSupportsIndirectInputEvents = YES;
				INFOPLIST_KEY_UILaunchScreen_Generation = YES;
				INFOPLIST_KEY_UISupportedInterfaceOrientations_iPad = "UIInterfaceOrientationPortrait UIInterfaceOrientationPortraitUpsideDown UIInterfaceOrientationLandscapeLeft UIInterfaceOrientationLandscapeRight";
				INFOPLIST_KEY_UISupportedInterfaceOrientations_iPhone = "UIInterfaceOrientationPortrait UIInterfaceOrientationLandscapeLeft UIInterfaceOrientationLandscapeRight";
				IPHONEOS_DEPLOYMENT_TARGET = 15.2;
				LD_RUNPATH_SEARCH_PATHS = (
					"$(inherited)",
					"@executable_path/Frameworks",
				);
				MARKETING_VERSION = 0.1.0;
				OTHER_CODE_SIGN_FLAGS = "";
				PRODUCT_BUNDLE_IDENTIFIER = "Uncommon-Loyalty.Uncommon-Loyalty";
				PRODUCT_NAME = "Uncommon Loyalty";
				PROVISIONING_PROFILE_SPECIFIER = "";
				SDKROOT = iphoneos;
				SWIFT_EMIT_LOC_STRINGS = YES;
				SWIFT_VERSION = 5.0;
				TARGETED_DEVICE_FAMILY = 1;
			};
			name = Debug;
		};
		3014FA4327964E5E00473CE4 /* Release */ = {
			isa = XCBuildConfiguration;
			buildSettings = {
				ASSETCATALOG_COMPILER_APPICON_NAME = AppIcon;
				ASSETCATALOG_COMPILER_GLOBAL_ACCENT_COLOR_NAME = AccentColor;
				CODE_SIGN_ENTITLEMENTS = "Uncommon Loyalty (iOS).entitlements";
				CODE_SIGN_IDENTITY = "Apple Development";
				CODE_SIGN_STYLE = Automatic;
				CURRENT_PROJECT_VERSION = 2;
				DEVELOPMENT_TEAM = F6HF4R7G4W;
				ENABLE_PREVIEWS = YES;
				GENERATE_INFOPLIST_FILE = YES;
				INFOPLIST_FILE = "Uncommon-Loyalty--iOS--Info.plist";
				INFOPLIST_KEY_UIApplicationSceneManifest_Generation = YES;
				INFOPLIST_KEY_UIApplicationSupportsIndirectInputEvents = YES;
				INFOPLIST_KEY_UILaunchScreen_Generation = YES;
				INFOPLIST_KEY_UISupportedInterfaceOrientations_iPad = "UIInterfaceOrientationPortrait UIInterfaceOrientationPortraitUpsideDown UIInterfaceOrientationLandscapeLeft UIInterfaceOrientationLandscapeRight";
				INFOPLIST_KEY_UISupportedInterfaceOrientations_iPhone = "UIInterfaceOrientationPortrait UIInterfaceOrientationLandscapeLeft UIInterfaceOrientationLandscapeRight";
				IPHONEOS_DEPLOYMENT_TARGET = 15.2;
				LD_RUNPATH_SEARCH_PATHS = (
					"$(inherited)",
					"@executable_path/Frameworks",
				);
				MARKETING_VERSION = 0.1.0;
				OTHER_CODE_SIGN_FLAGS = "";
				PRODUCT_BUNDLE_IDENTIFIER = "Uncommon-Loyalty.Uncommon-Loyalty";
				PRODUCT_NAME = "Uncommon Loyalty";
				PROVISIONING_PROFILE_SPECIFIER = "";
				SDKROOT = iphoneos;
				SWIFT_EMIT_LOC_STRINGS = YES;
				SWIFT_VERSION = 5.0;
				TARGETED_DEVICE_FAMILY = 1;
				VALIDATE_PRODUCT = YES;
			};
			name = Release;
		};
		3014FA4827964E5E00473CE4 /* Debug */ = {
			isa = XCBuildConfiguration;
			buildSettings = {
				ALWAYS_EMBED_SWIFT_STANDARD_LIBRARIES = YES;
				CODE_SIGN_STYLE = Automatic;
				CURRENT_PROJECT_VERSION = 1;
				DEVELOPMENT_TEAM = F6HF4R7G4W;
				GENERATE_INFOPLIST_FILE = YES;
				IPHONEOS_DEPLOYMENT_TARGET = 15.2;
				MARKETING_VERSION = 1.0;
				PRODUCT_BUNDLE_IDENTIFIER = "Uncommon-Loyalty.Tests-iOS";
				PRODUCT_NAME = "$(TARGET_NAME)";
				SDKROOT = iphoneos;
				SWIFT_EMIT_LOC_STRINGS = NO;
				SWIFT_VERSION = 5.0;
				TARGETED_DEVICE_FAMILY = "1,2";
				TEST_TARGET_NAME = "Uncommon Loyalty (iOS)";
			};
			name = Debug;
		};
		3014FA4927964E5E00473CE4 /* Release */ = {
			isa = XCBuildConfiguration;
			buildSettings = {
				ALWAYS_EMBED_SWIFT_STANDARD_LIBRARIES = YES;
				CODE_SIGN_STYLE = Automatic;
				CURRENT_PROJECT_VERSION = 1;
				DEVELOPMENT_TEAM = F6HF4R7G4W;
				GENERATE_INFOPLIST_FILE = YES;
				IPHONEOS_DEPLOYMENT_TARGET = 15.2;
				MARKETING_VERSION = 1.0;
				PRODUCT_BUNDLE_IDENTIFIER = "Uncommon-Loyalty.Tests-iOS";
				PRODUCT_NAME = "$(TARGET_NAME)";
				SDKROOT = iphoneos;
				SWIFT_EMIT_LOC_STRINGS = NO;
				SWIFT_VERSION = 5.0;
				TARGETED_DEVICE_FAMILY = "1,2";
				TEST_TARGET_NAME = "Uncommon Loyalty (iOS)";
				VALIDATE_PRODUCT = YES;
			};
			name = Release;
		};
/* End XCBuildConfiguration section */

/* Begin XCConfigurationList section */
		3014FA0F27964E5D00473CE4 /* Build configuration list for PBXProject "Uncommon Loyalty" */ = {
			isa = XCConfigurationList;
			buildConfigurations = (
				3014FA3F27964E5E00473CE4 /* Debug */,
				3014FA4027964E5E00473CE4 /* Release */,
			);
			defaultConfigurationIsVisible = 0;
			defaultConfigurationName = Release;
		};
		3014FA4127964E5E00473CE4 /* Build configuration list for PBXNativeTarget "Uncommon Loyalty (iOS)" */ = {
			isa = XCConfigurationList;
			buildConfigurations = (
				3014FA4227964E5E00473CE4 /* Debug */,
				3014FA4327964E5E00473CE4 /* Release */,
			);
			defaultConfigurationIsVisible = 0;
			defaultConfigurationName = Release;
		};
		3014FA4727964E5E00473CE4 /* Build configuration list for PBXNativeTarget "Tests iOS" */ = {
			isa = XCConfigurationList;
			buildConfigurations = (
				3014FA4827964E5E00473CE4 /* Debug */,
				3014FA4927964E5E00473CE4 /* Release */,
			);
			defaultConfigurationIsVisible = 0;
			defaultConfigurationName = Release;
		};
/* End XCConfigurationList section */

/* Begin XCRemoteSwiftPackageReference section */
		30D742FF2894334C00B22448 /* XCRemoteSwiftPackageReference "SDWebImageSwiftUI" */ = {
			isa = XCRemoteSwiftPackageReference;
			repositoryURL = "https://github.com/SDWebImage/SDWebImageSwiftUI.git";
			requirement = {
				branch = master;
				kind = branch;
			};
		};
		30D743022895B41900B22448 /* XCRemoteSwiftPackageReference "firebase-ios-sdk" */ = {
			isa = XCRemoteSwiftPackageReference;
			repositoryURL = "https://github.com/firebase/firebase-ios-sdk";
			requirement = {
				branch = master;
				kind = branch;
			};
		};
/* End XCRemoteSwiftPackageReference section */

/* Begin XCSwiftPackageProductDependency section */
		30D743002894334C00B22448 /* SDWebImageSwiftUI */ = {
			isa = XCSwiftPackageProductDependency;
			package = 30D742FF2894334C00B22448 /* XCRemoteSwiftPackageReference "SDWebImageSwiftUI" */;
			productName = SDWebImageSwiftUI;
		};
		30D743032895B41900B22448 /* FirebaseAuth */ = {
			isa = XCSwiftPackageProductDependency;
			package = 30D743022895B41900B22448 /* XCRemoteSwiftPackageReference "firebase-ios-sdk" */;
			productName = FirebaseAuth;
		};
		30D743052895B41900B22448 /* FirebaseDynamicLinks */ = {
			isa = XCSwiftPackageProductDependency;
			package = 30D743022895B41900B22448 /* XCRemoteSwiftPackageReference "firebase-ios-sdk" */;
			productName = FirebaseDynamicLinks;
		};
		30D743072895B41900B22448 /* FirebaseFirestore */ = {
			isa = XCSwiftPackageProductDependency;
			package = 30D743022895B41900B22448 /* XCRemoteSwiftPackageReference "firebase-ios-sdk" */;
			productName = FirebaseFirestore;
		};
		30D743092895B41900B22448 /* FirebaseFirestoreCombine-Community */ = {
			isa = XCSwiftPackageProductDependency;
			package = 30D743022895B41900B22448 /* XCRemoteSwiftPackageReference "firebase-ios-sdk" */;
			productName = "FirebaseFirestoreCombine-Community";
		};
		30D7430B2895B41900B22448 /* FirebaseFirestoreSwift */ = {
			isa = XCSwiftPackageProductDependency;
			package = 30D743022895B41900B22448 /* XCRemoteSwiftPackageReference "firebase-ios-sdk" */;
			productName = FirebaseFirestoreSwift;
		};
		30D7430D2895B41900B22448 /* FirebaseStorage */ = {
			isa = XCSwiftPackageProductDependency;
			package = 30D743022895B41900B22448 /* XCRemoteSwiftPackageReference "firebase-ios-sdk" */;
			productName = FirebaseStorage;
		};
		30D7430F2895B41900B22448 /* FirebaseStorageCombine-Community */ = {
			isa = XCSwiftPackageProductDependency;
			package = 30D743022895B41900B22448 /* XCRemoteSwiftPackageReference "firebase-ios-sdk" */;
			productName = "FirebaseStorageCombine-Community";
		};
/* End XCSwiftPackageProductDependency section */
	};
	rootObject = 3014FA0C27964E5D00473CE4 /* Project object */;
}
